
Microsoft Visual Studio Solution File, Format Version 12.00
# Visual Studio 15
Project("{FAE04EC0-301F-11D3-BF4B-00C04F79EFBC}") = "SimplePostAPI", "SimplePostAPI\SimplePostAPI.csproj", "{23954C15-AB97-472C-9D83-A5C4D6B8C674}"
EndProject
Global
	GlobalSection(SolutionConfigurationPlatforms) = preSolution
		Debug|Any CPU = Debug|Any CPU
		Release|Any CPU = Release|Any CPU
	EndGlobalSection
	GlobalSection(ProjectConfigurationPlatforms) = postSolution
		{23954C15-AB97-472C-9D83-A5C4D6B8C674}.Debug|Any CPU.ActiveCfg = Debug|Any CPU
		{23954C15-AB97-472C-9D83-A5C4D6B8C674}.Debug|Any CPU.Build.0 = Debug|Any CPU
		{23954C15-AB97-472C-9D83-A5C4D6B8C674}.Release|Any CPU.ActiveCfg = Release|Any CPU
		{23954C15-AB97-472C-9D83-A5C4D6B8C674}.Release|Any CPU.Build.0 = Release|Any CPU
	EndGlobalSection
EndGlobal
